
Microsoft Visual Studio Solution File, Format Version 12.00
# Visual Studio Version 17
VisualStudioVersion = 17.8.34330.188
MinimumVisualStudioVersion = 10.0.40219.1
Project("{9A19103F-16F7-4668-BE54-9A1E7A4F7556}") = "WEB_253503_Yarmak", "WEB_253503_Yarmak\WEB_253503_Yarmak.csproj", "{A792D705-45D2-4FB2-917F-5CAF3ACADD87}"
EndProject
Project("{9A19103F-16F7-4668-BE54-9A1E7A4F7556}") = "WEB_253503_Yarmak.Domain", "WEB_253503_Yarmak.Domain\WEB_253503_Yarmak.Domain.csproj", "{8BB49744-4CE8-4CCB-951B-CC1510B69CFB}"
EndProject
Project("{FAE04EC0-301F-11D3-BF4B-00C04F79EFBC}") = "WEB_253503_Yarmak.API", "WEB_253503_Yarmak.API\WEB_253503_Yarmak.API.csproj", "{9B64BD88-2203-485A-8749-8D786FBF1F88}"
EndProject
Global
	GlobalSection(SolutionConfigurationPlatforms) = preSolution
		Debug|Any CPU = Debug|Any CPU
		Release|Any CPU = Release|Any CPU
	EndGlobalSection
	GlobalSection(ProjectConfigurationPlatforms) = postSolution
		{A792D705-45D2-4FB2-917F-5CAF3ACADD87}.Debug|Any CPU.ActiveCfg = Debug|Any CPU
		{A792D705-45D2-4FB2-917F-5CAF3ACADD87}.Debug|Any CPU.Build.0 = Debug|Any CPU
		{A792D705-45D2-4FB2-917F-5CAF3ACADD87}.Release|Any CPU.ActiveCfg = Release|Any CPU
		{A792D705-45D2-4FB2-917F-5CAF3ACADD87}.Release|Any CPU.Build.0 = Release|Any CPU
		{8BB49744-4CE8-4CCB-951B-CC1510B69CFB}.Debug|Any CPU.ActiveCfg = Debug|Any CPU
		{8BB49744-4CE8-4CCB-951B-CC1510B69CFB}.Debug|Any CPU.Build.0 = Debug|Any CPU
		{8BB49744-4CE8-4CCB-951B-CC1510B69CFB}.Release|Any CPU.ActiveCfg = Release|Any CPU
		{8BB49744-4CE8-4CCB-951B-CC1510B69CFB}.Release|Any CPU.Build.0 = Release|Any CPU
		{9B64BD88-2203-485A-8749-8D786FBF1F88}.Debug|Any CPU.ActiveCfg = Debug|Any CPU
		{9B64BD88-2203-485A-8749-8D786FBF1F88}.Debug|Any CPU.Build.0 = Debug|Any CPU
		{9B64BD88-2203-485A-8749-8D786FBF1F88}.Release|Any CPU.ActiveCfg = Release|Any CPU
		{9B64BD88-2203-485A-8749-8D786FBF1F88}.Release|Any CPU.Build.0 = Release|Any CPU
	EndGlobalSection
	GlobalSection(SolutionProperties) = preSolution
		HideSolutionNode = FALSE
	EndGlobalSection
	GlobalSection(ExtensibilityGlobals) = postSolution
		SolutionGuid = {4EC53EE9-F1B4-4648-A917-CFFC8920DDB8}
	EndGlobalSection
EndGlobal
